
Microsoft Visual Studio Solution File, Format Version 12.00
# Visual Studio 15
VisualStudioVersion = 15.0.28307.1401
MinimumVisualStudioVersion = 10.0.40219.1
Project("{9A19103F-16F7-4668-BE54-9A1E7A4F7556}") = "Sentral.API", "Sentral.API\Sentral.API.csproj", "{F7A5F800-7E84-4C4C-9B6B-AB565BC179BA}"
EndProject
Project("{9A19103F-16F7-4668-BE54-9A1E7A4F7556}") = "Sentral.API.Test", "Sentral.API.Test\Sentral.API.Test.csproj", "{265F3414-295D-4351-8BB6-A1B334FBB84E}"
EndProject
Project("{9A19103F-16F7-4668-BE54-9A1E7A4F7556}") = "Sentral.API.PowerShell", "Sentral.API.PowerShell\Sentral.API.PowerShell.csproj", "{9718FFA8-C3CD-4E5D-B3FE-E7A347B56153}"
EndProject
Global
	GlobalSection(SolutionConfigurationPlatforms) = preSolution
		Debug|Any CPU = Debug|Any CPU
		Release|Any CPU = Release|Any CPU
	EndGlobalSection
	GlobalSection(ProjectConfigurationPlatforms) = postSolution
		{F7A5F800-7E84-4C4C-9B6B-AB565BC179BA}.Debug|Any CPU.ActiveCfg = Debug|Any CPU
		{F7A5F800-7E84-4C4C-9B6B-AB565BC179BA}.Debug|Any CPU.Build.0 = Debug|Any CPU
		{F7A5F800-7E84-4C4C-9B6B-AB565BC179BA}.Release|Any CPU.ActiveCfg = Release|Any CPU
		{F7A5F800-7E84-4C4C-9B6B-AB565BC179BA}.Release|Any CPU.Build.0 = Release|Any CPU
		{265F3414-295D-4351-8BB6-A1B334FBB84E}.Debug|Any CPU.ActiveCfg = Debug|Any CPU
		{265F3414-295D-4351-8BB6-A1B334FBB84E}.Debug|Any CPU.Build.0 = Debug|Any CPU
		{265F3414-295D-4351-8BB6-A1B334FBB84E}.Release|Any CPU.ActiveCfg = Release|Any CPU
		{265F3414-295D-4351-8BB6-A1B334FBB84E}.Release|Any CPU.Build.0 = Release|Any CPU
		{9718FFA8-C3CD-4E5D-B3FE-E7A347B56153}.Debug|Any CPU.ActiveCfg = Debug|Any CPU
		{9718FFA8-C3CD-4E5D-B3FE-E7A347B56153}.Debug|Any CPU.Build.0 = Debug|Any CPU
		{9718FFA8-C3CD-4E5D-B3FE-E7A347B56153}.Release|Any CPU.ActiveCfg = Release|Any CPU
		{9718FFA8-C3CD-4E5D-B3FE-E7A347B56153}.Release|Any CPU.Build.0 = Release|Any CPU
	EndGlobalSection
	GlobalSection(SolutionProperties) = preSolution
		HideSolutionNode = FALSE
	EndGlobalSection
	GlobalSection(ExtensibilityGlobals) = postSolution
		SolutionGuid = {72960A11-0060-4982-861E-0957B5898C27}
	EndGlobalSection
EndGlobal
